
Microsoft Visual Studio Solution File, Format Version 12.00
# Visual Studio Version 16
VisualStudioVersion = 16.0.29926.136
MinimumVisualStudioVersion = 10.0.40219.1
Project("{FAE04EC0-301F-11D3-BF4B-00C04F79EFBC}") = "ARM", "..\ARM\ARM.csproj", "{D30BBF0E-B6C3-4974-84B4-244F11E76239}"
EndProject
Global
	GlobalSection(SolutionConfigurationPlatforms) = preSolution
		Debug|Any CPU = Debug|Any CPU
		Release|Any CPU = Release|Any CPU
	EndGlobalSection
	GlobalSection(ProjectConfigurationPlatforms) = postSolution
		{D30BBF0E-B6C3-4974-84B4-244F11E76239}.Debug|Any CPU.ActiveCfg = Debug|Any CPU
		{D30BBF0E-B6C3-4974-84B4-244F11E76239}.Debug|Any CPU.Build.0 = Debug|Any CPU
		{D30BBF0E-B6C3-4974-84B4-244F11E76239}.Release|Any CPU.ActiveCfg = Release|Any CPU
		{D30BBF0E-B6C3-4974-84B4-244F11E76239}.Release|Any CPU.Build.0 = Release|Any CPU
	EndGlobalSection
	GlobalSection(SolutionProperties) = preSolution
		HideSolutionNode = FALSE
	EndGlobalSection
	GlobalSection(ExtensibilityGlobals) = postSolution
		SolutionGuid = {2FC7C6EE-F59B-4867-845E-D908A965AF97}
	EndGlobalSection
EndGlobal
